
Microsoft Visual Studio Solution File, Format Version 12.00
# Visual Studio Version 17
VisualStudioVersion = 17.0.31903.59
MinimumVisualStudioVersion = 10.0.40219.1
Project("{FAE04EC0-301F-11D3-BF4B-00C04F79EFBC}") = "LoRaWAN.Middleware", "LoRaWAN.Middleware\LoRaWAN.Middleware.csproj", "{F6C786D6-3D4C-4B9A-BAFE-14F90AE15C2B}"
EndProject
Project("{FAE04EC0-301F-11D3-BF4B-00C04F79EFBC}") = "LoRaWAN.APIMobile", "LoRaWAN.APIMobile\LoRaWAN.APIMobile.csproj", "{5AE3E91A-061A-4E5A-92F7-E9F86792F9F4}"
EndProject
Project("{FAE04EC0-301F-11D3-BF4B-00C04F79EFBC}") = "LoRaWAN.WebUI", "LoRaWAN.WebUI\LoRaWAN.WebUI.csproj", "{E970F803-7E32-4DA6-B6BB-CB390112BF5F}"
EndProject
Project("{FAE04EC0-301F-11D3-BF4B-00C04F79EFBC}") = "LoRaWAN.ManagementUI", "LoRaWAN.ManagementUI\LoRaWAN.ManagementUI.csproj", "{8D2631E5-D976-4BA2-9745-4999CB59F8E1}"
EndProject
Project("{2150E333-8FDC-42A3-9474-1A3956D46DE8}") = "Libraries", "Libraries", "{FD5F6D5F-8E98-4885-A78A-F7AB0F735112}"
EndProject
Project("{FAE04EC0-301F-11D3-BF4B-00C04F79EFBC}") = "LoRaWAN.Business", "LoRaWAN.Business\LoRaWAN.Business.csproj", "{7F342C8F-5392-4FFA-AE96-D51FD183D657}"
EndProject
Project("{FAE04EC0-301F-11D3-BF4B-00C04F79EFBC}") = "LoRaWAN.Data", "LoRaWAN.Data\LoRaWAN.Data.csproj", "{EAF6EEAB-F47E-411D-A8E6-5D657BBDA1DC}"
EndProject
Project("{FAE04EC0-301F-11D3-BF4B-00C04F79EFBC}") = "LoRaWAN.Entity", "LoRaWAN.Entity\LoRaWAN.Entity.csproj", "{66F23565-F65C-49A3-AAA2-5B1C33706B2C}"
EndProject
Project("{FAE04EC0-301F-11D3-BF4B-00C04F79EFBC}") = "LoRaWAN.Logging", "LoRaWAN.Logging\LoRaWAN.Logging.csproj", "{8DEA6E1E-F0CA-4534-90FB-0757F9AF9970}"
EndProject
Project("{FAE04EC0-301F-11D3-BF4B-00C04F79EFBC}") = "LoRaWAN.ResponseStates", "LoRaWAN.ResponseStates\LoRaWAN.ResponseStates.csproj", "{B54ADDF0-D61B-4742-834C-35187C078F47}"
EndProject
Project("{FAE04EC0-301F-11D3-BF4B-00C04F79EFBC}") = "LoRaWAN.RestAccess", "LoRaWAN.RestAccess\LoRaWAN.RestAccess.csproj", "{2C886109-267D-4D75-8E83-6CF74E395EAC}"
EndProject
Project("{FAE04EC0-301F-11D3-BF4B-00C04F79EFBC}") = "LoRaWAN.Utilities", "LoRaWAN.Utilities\LoRaWAN.Utilities.csproj", "{616C3489-9B45-4DFB-B38B-41EE58DB8C2A}"
EndProject
Global
	GlobalSection(SolutionConfigurationPlatforms) = preSolution
		Debug|Any CPU = Debug|Any CPU
		Release|Any CPU = Release|Any CPU
	EndGlobalSection
	GlobalSection(ProjectConfigurationPlatforms) = postSolution
		{F6C786D6-3D4C-4B9A-BAFE-14F90AE15C2B}.Debug|Any CPU.ActiveCfg = Debug|Any CPU
		{F6C786D6-3D4C-4B9A-BAFE-14F90AE15C2B}.Debug|Any CPU.Build.0 = Debug|Any CPU
		{F6C786D6-3D4C-4B9A-BAFE-14F90AE15C2B}.Release|Any CPU.ActiveCfg = Release|Any CPU
		{F6C786D6-3D4C-4B9A-BAFE-14F90AE15C2B}.Release|Any CPU.Build.0 = Release|Any CPU
		{5AE3E91A-061A-4E5A-92F7-E9F86792F9F4}.Debug|Any CPU.ActiveCfg = Debug|Any CPU
		{5AE3E91A-061A-4E5A-92F7-E9F86792F9F4}.Debug|Any CPU.Build.0 = Debug|Any CPU
		{5AE3E91A-061A-4E5A-92F7-E9F86792F9F4}.Release|Any CPU.ActiveCfg = Release|Any CPU
		{5AE3E91A-061A-4E5A-92F7-E9F86792F9F4}.Release|Any CPU.Build.0 = Release|Any CPU
		{E970F803-7E32-4DA6-B6BB-CB390112BF5F}.Debug|Any CPU.ActiveCfg = Debug|Any CPU
		{E970F803-7E32-4DA6-B6BB-CB390112BF5F}.Debug|Any CPU.Build.0 = Debug|Any CPU
		{E970F803-7E32-4DA6-B6BB-CB390112BF5F}.Release|Any CPU.ActiveCfg = Release|Any CPU
		{E970F803-7E32-4DA6-B6BB-CB390112BF5F}.Release|Any CPU.Build.0 = Release|Any CPU
		{8D2631E5-D976-4BA2-9745-4999CB59F8E1}.Debug|Any CPU.ActiveCfg = Debug|Any CPU
		{8D2631E5-D976-4BA2-9745-4999CB59F8E1}.Debug|Any CPU.Build.0 = Debug|Any CPU
		{8D2631E5-D976-4BA2-9745-4999CB59F8E1}.Release|Any CPU.ActiveCfg = Release|Any CPU
		{8D2631E5-D976-4BA2-9745-4999CB59F8E1}.Release|Any CPU.Build.0 = Release|Any CPU
		{7F342C8F-5392-4FFA-AE96-D51FD183D657}.Debug|Any CPU.ActiveCfg = Debug|Any CPU
		{7F342C8F-5392-4FFA-AE96-D51FD183D657}.Debug|Any CPU.Build.0 = Debug|Any CPU
		{7F342C8F-5392-4FFA-AE96-D51FD183D657}.Release|Any CPU.ActiveCfg = Release|Any CPU
		{7F342C8F-5392-4FFA-AE96-D51FD183D657}.Release|Any CPU.Build.0 = Release|Any CPU
		{EAF6EEAB-F47E-411D-A8E6-5D657BBDA1DC}.Debug|Any CPU.ActiveCfg = Debug|Any CPU
		{EAF6EEAB-F47E-411D-A8E6-5D657BBDA1DC}.Debug|Any CPU.Build.0 = Debug|Any CPU
		{EAF6EEAB-F47E-411D-A8E6-5D657BBDA1DC}.Release|Any CPU.ActiveCfg = Release|Any CPU
		{EAF6EEAB-F47E-411D-A8E6-5D657BBDA1DC}.Release|Any CPU.Build.0 = Release|Any CPU
		{66F23565-F65C-49A3-AAA2-5B1C33706B2C}.Debug|Any CPU.ActiveCfg = Debug|Any CPU
		{66F23565-F65C-49A3-AAA2-5B1C33706B2C}.Debug|Any CPU.Build.0 = Debug|Any CPU
		{66F23565-F65C-49A3-AAA2-5B1C33706B2C}.Release|Any CPU.ActiveCfg = Release|Any CPU
		{66F23565-F65C-49A3-AAA2-5B1C33706B2C}.Release|Any CPU.Build.0 = Release|Any CPU
		{8DEA6E1E-F0CA-4534-90FB-0757F9AF9970}.Debug|Any CPU.ActiveCfg = Debug|Any CPU
		{8DEA6E1E-F0CA-4534-90FB-0757F9AF9970}.Debug|Any CPU.Build.0 = Debug|Any CPU
		{8DEA6E1E-F0CA-4534-90FB-0757F9AF9970}.Release|Any CPU.ActiveCfg = Release|Any CPU
		{8DEA6E1E-F0CA-4534-90FB-0757F9AF9970}.Release|Any CPU.Build.0 = Release|Any CPU
		{B54ADDF0-D61B-4742-834C-35187C078F47}.Debug|Any CPU.ActiveCfg = Debug|Any CPU
		{B54ADDF0-D61B-4742-834C-35187C078F47}.Debug|Any CPU.Build.0 = Debug|Any CPU
		{B54ADDF0-D61B-4742-834C-35187C078F47}.Release|Any CPU.ActiveCfg = Release|Any CPU
		{B54ADDF0-D61B-4742-834C-35187C078F47}.Release|Any CPU.Build.0 = Release|Any CPU
		{2C886109-267D-4D75-8E83-6CF74E395EAC}.Debug|Any CPU.ActiveCfg = Debug|Any CPU
		{2C886109-267D-4D75-8E83-6CF74E395EAC}.Debug|Any CPU.Build.0 = Debug|Any CPU
		{2C886109-267D-4D75-8E83-6CF74E395EAC}.Release|Any CPU.ActiveCfg = Release|Any CPU
		{2C886109-267D-4D75-8E83-6CF74E395EAC}.Release|Any CPU.Build.0 = Release|Any CPU
		{616C3489-9B45-4DFB-B38B-41EE58DB8C2A}.Debug|Any CPU.ActiveCfg = Debug|Any CPU
		{616C3489-9B45-4DFB-B38B-41EE58DB8C2A}.Debug|Any CPU.Build.0 = Debug|Any CPU
		{616C3489-9B45-4DFB-B38B-41EE58DB8C2A}.Release|Any CPU.ActiveCfg = Release|Any CPU
		{616C3489-9B45-4DFB-B38B-41EE58DB8C2A}.Release|Any CPU.Build.0 = Release|Any CPU
	EndGlobalSection
	GlobalSection(SolutionProperties) = preSolution
		HideSolutionNode = FALSE
	EndGlobalSection
	GlobalSection(NestedProjects) = preSolution
		{7F342C8F-5392-4FFA-AE96-D51FD183D657} = {FD5F6D5F-8E98-4885-A78A-F7AB0F735112}
		{EAF6EEAB-F47E-411D-A8E6-5D657BBDA1DC} = {FD5F6D5F-8E98-4885-A78A-F7AB0F735112}
		{66F23565-F65C-49A3-AAA2-5B1C33706B2C} = {FD5F6D5F-8E98-4885-A78A-F7AB0F735112}
		{8DEA6E1E-F0CA-4534-90FB-0757F9AF9970} = {FD5F6D5F-8E98-4885-A78A-F7AB0F735112}
		{B54ADDF0-D61B-4742-834C-35187C078F47} = {FD5F6D5F-8E98-4885-A78A-F7AB0F735112}
		{2C886109-267D-4D75-8E83-6CF74E395EAC} = {FD5F6D5F-8E98-4885-A78A-F7AB0F735112}
		{616C3489-9B45-4DFB-B38B-41EE58DB8C2A} = {FD5F6D5F-8E98-4885-A78A-F7AB0F735112}
	EndGlobalSection
	GlobalSection(ExtensibilityGlobals) = postSolution
		SolutionGuid = {013E7F07-7A69-4735-BB5B-C6CE4105080A}
	EndGlobalSection
EndGlobal
